
Microsoft Visual Studio Solution File, Format Version 12.00
# Visual Studio 15
VisualStudioVersion = 15.0.28010.2050
MinimumVisualStudioVersion = 10.0.40219.1
Project("{FAE04EC0-301F-11D3-BF4B-00C04F79EFBC}") = "WebApiEFProviding", "WebApiEFProviding\WebApiEFProviding.csproj", "{AB2AF9C1-0DC7-4D23-BAC8-00A04C6EDC83}"
EndProject
Project("{FAE04EC0-301F-11D3-BF4B-00C04F79EFBC}") = "WebApiEFModel", "WebApiEFModel\WebApiEFModel.csproj", "{75F9C1B7-1E6F-4EE1-83BA-C199D3F52F1C}"
EndProject
Project("{FAE04EC0-301F-11D3-BF4B-00C04F79EFBC}") = "WebApiWFConsuming", "WebApiWFConsuming\WebApiWFConsuming.csproj", "{852ED8C5-1ABA-410E-BA11-B5B985192073}"
EndProject
Project("{FAE04EC0-301F-11D3-BF4B-00C04F79EFBC}") = "WebApiWebMVCConsuming", "WebApiWebMVCConsuming\WebApiWebMVCConsuming.csproj", "{178BFBA0-175E-4057-94C3-BDEBB9042EB0}"
EndProject
Global
	GlobalSection(SolutionConfigurationPlatforms) = preSolution
		Debug|Any CPU = Debug|Any CPU
		Release|Any CPU = Release|Any CPU
	EndGlobalSection
	GlobalSection(ProjectConfigurationPlatforms) = postSolution
		{AB2AF9C1-0DC7-4D23-BAC8-00A04C6EDC83}.Debug|Any CPU.ActiveCfg = Debug|Any CPU
		{AB2AF9C1-0DC7-4D23-BAC8-00A04C6EDC83}.Debug|Any CPU.Build.0 = Debug|Any CPU
		{AB2AF9C1-0DC7-4D23-BAC8-00A04C6EDC83}.Release|Any CPU.ActiveCfg = Release|Any CPU
		{AB2AF9C1-0DC7-4D23-BAC8-00A04C6EDC83}.Release|Any CPU.Build.0 = Release|Any CPU
		{75F9C1B7-1E6F-4EE1-83BA-C199D3F52F1C}.Debug|Any CPU.ActiveCfg = Debug|Any CPU
		{75F9C1B7-1E6F-4EE1-83BA-C199D3F52F1C}.Debug|Any CPU.Build.0 = Debug|Any CPU
		{75F9C1B7-1E6F-4EE1-83BA-C199D3F52F1C}.Release|Any CPU.ActiveCfg = Release|Any CPU
		{75F9C1B7-1E6F-4EE1-83BA-C199D3F52F1C}.Release|Any CPU.Build.0 = Release|Any CPU
		{852ED8C5-1ABA-410E-BA11-B5B985192073}.Debug|Any CPU.ActiveCfg = Debug|Any CPU
		{852ED8C5-1ABA-410E-BA11-B5B985192073}.Debug|Any CPU.Build.0 = Debug|Any CPU
		{852ED8C5-1ABA-410E-BA11-B5B985192073}.Release|Any CPU.ActiveCfg = Release|Any CPU
		{852ED8C5-1ABA-410E-BA11-B5B985192073}.Release|Any CPU.Build.0 = Release|Any CPU
		{178BFBA0-175E-4057-94C3-BDEBB9042EB0}.Debug|Any CPU.ActiveCfg = Debug|Any CPU
		{178BFBA0-175E-4057-94C3-BDEBB9042EB0}.Debug|Any CPU.Build.0 = Debug|Any CPU
		{178BFBA0-175E-4057-94C3-BDEBB9042EB0}.Release|Any CPU.ActiveCfg = Release|Any CPU
		{178BFBA0-175E-4057-94C3-BDEBB9042EB0}.Release|Any CPU.Build.0 = Release|Any CPU
	EndGlobalSection
	GlobalSection(SolutionProperties) = preSolution
		HideSolutionNode = FALSE
	EndGlobalSection
	GlobalSection(ExtensibilityGlobals) = postSolution
		SolutionGuid = {3FFBCE20-E160-444C-AD77-3AFB83F16BD6}
	EndGlobalSection
EndGlobal
